
Microsoft Visual Studio Solution File, Format Version 12.00
# Visual Studio Version 17
VisualStudioVersion = 17.11.35312.102
MinimumVisualStudioVersion = 10.0.40219.1
Project("{9A19103F-16F7-4668-BE54-9A1E7A4F7556}") = "UserGenderValidation", "UserAgeValidation\UserGenderValidation.csproj", "{3931EFCA-7302-4F2E-8B8C-8BDFC3E44776}"
EndProject
Project("{FAE04EC0-301F-11D3-BF4B-00C04F79EFBC}") = "UserAgeValidation", "..\Week2\UserAgeValidation\UserAgeValidation.csproj", "{8AEB3503-FBA3-4DF1-ADF6-E56ECDA38A5F}"
EndProject
Global
	GlobalSection(SolutionConfigurationPlatforms) = preSolution
		Debug|Any CPU = Debug|Any CPU
		Release|Any CPU = Release|Any CPU
	EndGlobalSection
	GlobalSection(ProjectConfigurationPlatforms) = postSolution
		{3931EFCA-7302-4F2E-8B8C-8BDFC3E44776}.Debug|Any CPU.ActiveCfg = Debug|Any CPU
		{3931EFCA-7302-4F2E-8B8C-8BDFC3E44776}.Debug|Any CPU.Build.0 = Debug|Any CPU
		{3931EFCA-7302-4F2E-8B8C-8BDFC3E44776}.Release|Any CPU.ActiveCfg = Release|Any CPU
		{3931EFCA-7302-4F2E-8B8C-8BDFC3E44776}.Release|Any CPU.Build.0 = Release|Any CPU
		{8AEB3503-FBA3-4DF1-ADF6-E56ECDA38A5F}.Debug|Any CPU.ActiveCfg = Debug|Any CPU
		{8AEB3503-FBA3-4DF1-ADF6-E56ECDA38A5F}.Debug|Any CPU.Build.0 = Debug|Any CPU
		{8AEB3503-FBA3-4DF1-ADF6-E56ECDA38A5F}.Release|Any CPU.ActiveCfg = Release|Any CPU
		{8AEB3503-FBA3-4DF1-ADF6-E56ECDA38A5F}.Release|Any CPU.Build.0 = Release|Any CPU
	EndGlobalSection
	GlobalSection(SolutionProperties) = preSolution
		HideSolutionNode = FALSE
	EndGlobalSection
	GlobalSection(ExtensibilityGlobals) = postSolution
		SolutionGuid = {94BF075A-B4DB-4271-B49C-3725A83D8AF6}
	EndGlobalSection
EndGlobal
